{
    "version": 3,
    "terraform_version": "0.11.10",
    "serial": 2,
    "lineage": "df710d21-e425-0425-f6d0-f10da0375589",
    "modules": [
        {
            "path": [
                "root"
            ],
            "outputs": {
                "external_ip": {
                    "sensitive": false,
                    "type": "string",
                    "value": "77.85.196.242"
                },
                "provider": {
                    "sensitive": false,
                    "type": "list",
                    "value": [
                        "one”, “two"
                    ]
                }
            },
            "resources": {
                "data.extip.external_ip": {
                    "type": "extip",
                    "depends_on": [],
                    "primary": {
                        "id": "2018-10-30 14:40:32.683842545 +0000 UTC",
                        "attributes": {
                            "id": "2018-10-30 14:40:32.683842545 +0000 UTC",
                            "ipaddress": "77.85.196.242",
                            "resolver": "https://checkip.amazonaws.com/"
                        },
                        "meta": {},
                        "tainted": false
                    },
                    "deposed": [],
                    "provider": "provider.extip"
                },
                "random_shuffle.choice": {
                    "type": "random_shuffle",
                    "depends_on": [],
                    "primary": {
                        "id": "-",
                        "attributes": {
                            "id": "-",
                            "input.#": "1",
                            "input.0": "one”, “two",
                            "result.#": "1",
                            "result.0": "one”, “two",
                            "result_count": "1"
                        },
                        "meta": {},
                        "tainted": false
                    },
                    "deposed": [],
                    "provider": "provider.random"
                }
            },
            "depends_on": []
        }
    ]
}
